
Microsoft Visual Studio Solution File, Format Version 12.00
# Visual Studio Version 16
VisualStudioVersion = 16.0.29411.108
MinimumVisualStudioVersion = 10.0.40219.1
Project("{FAE04EC0-301F-11D3-BF4B-00C04F79EFBC}") = "TUI", "TUI\TUI.csproj", "{9AC9DAC3-A8D7-45A1-B40B-C9893AB8B581}"
EndProject
Project("{FAE04EC0-301F-11D3-BF4B-00C04F79EFBC}") = "Business logic", "Business logic\Business logic.csproj", "{65308AF5-AB48-4C2C-B48D-44429D6FB42B}"
EndProject
Global
	GlobalSection(SolutionConfigurationPlatforms) = preSolution
		Debug|Any CPU = Debug|Any CPU
		Release|Any CPU = Release|Any CPU
	EndGlobalSection
	GlobalSection(ProjectConfigurationPlatforms) = postSolution
		{9AC9DAC3-A8D7-45A1-B40B-C9893AB8B581}.Debug|Any CPU.ActiveCfg = Debug|Any CPU
		{9AC9DAC3-A8D7-45A1-B40B-C9893AB8B581}.Debug|Any CPU.Build.0 = Debug|Any CPU
		{9AC9DAC3-A8D7-45A1-B40B-C9893AB8B581}.Release|Any CPU.ActiveCfg = Release|Any CPU
		{9AC9DAC3-A8D7-45A1-B40B-C9893AB8B581}.Release|Any CPU.Build.0 = Release|Any CPU
		{65308AF5-AB48-4C2C-B48D-44429D6FB42B}.Debug|Any CPU.ActiveCfg = Debug|Any CPU
		{65308AF5-AB48-4C2C-B48D-44429D6FB42B}.Debug|Any CPU.Build.0 = Debug|Any CPU
		{65308AF5-AB48-4C2C-B48D-44429D6FB42B}.Release|Any CPU.ActiveCfg = Release|Any CPU
		{65308AF5-AB48-4C2C-B48D-44429D6FB42B}.Release|Any CPU.Build.0 = Release|Any CPU
	EndGlobalSection
	GlobalSection(SolutionProperties) = preSolution
		HideSolutionNode = FALSE
	EndGlobalSection
	GlobalSection(ExtensibilityGlobals) = postSolution
		SolutionGuid = {DB513B51-384A-498A-AE9C-05589E999455}
	EndGlobalSection
EndGlobal
